# THIS IS AN AUTOGENERATED FILE. DO NOT EDIT THIS FILE DIRECTLY.
# yarn lockfile v1


"@playwright/test@^1.23.1":
  version "1.23.1"
  resolved "https://registry.yarnpkg.com/@playwright/test/-/test-1.23.1.tgz#209cceb81c579d1cd2835f15c2bb3a8345103d60"
  integrity sha512-dKplLPSYPZgnsBk1xxOophhpx3ZVg8DveoNJgLPe096lDCfmaIIreLsYF+4hqzy3PG61IP+aEnG5VAOjC3bhbA==
  dependencies:
    "@types/node" "*"
    playwright-core "1.23.1"

"@types/node@*":
  version "18.0.0"
  resolved "https://registry.yarnpkg.com/@types/node/-/node-18.0.0.tgz#67c7b724e1bcdd7a8821ce0d5ee184d3b4dd525a"
  integrity sha512-cHlGmko4gWLVI27cGJntjs/Sj8th9aYwplmZFwmmgYQQvL5NUsgVJG7OddLvNfLqYS31KFN0s3qlaD9qCaxACA==

playwright-core@1.23.1:
  version "1.23.1"
  resolved "https://registry.yarnpkg.com/playwright-core/-/playwright-core-1.23.1.tgz#af02bd7568af1017e477433b1b003ba84e1eb312"
  integrity sha512-9CXsE0gawph4KXl6oUaa0ehHRySZjHvly4TybcBXDvzK3N3o6L/eZ8Q6iVWUiMn0LLS5bRFxo1qEtOETlYJxjw==
